# Ref: https://github.com/mlrun/mlrun/blob/development/.github/workflows/upgrade-lock.yaml

name: Update uv lock files

permissions:
  contents: write  
  pull-requests: write

on:
  workflow_dispatch:
  schedule:
  - cron: "0 4 * * 0"  # At 4 AM UTC on every Sunday

jobs:
  upgrade:
    name: Upgrade uv lock files
    runs-on: ubuntu-latest
    steps:
    - uses: actions/checkout@v6

    - uses: astral-sh/setup-uv@803947b9bd8e9f986429fa0c5a41c367cd732b41 # 7.2.1

    - name: Upgrade dependencies in the lock file with uv
      run: make venv-lockfile-all

    - name: Format PR title
      id: format-title
      run: |
        if [ "${{ github.ref_name }}" != "develop" ]; then
          echo "title=[Requirements-automated] Upgrade lock files [${{ github.ref_name }}]" >> "$GITHUB_OUTPUT"
        else
          echo "title=[Requirements-automated] Upgrade lock files" >> "$GITHUB_OUTPUT"
        fi
    - uses: peter-evans/create-pull-request@c0f553fe549906ede9cf27b5156039d195d2ece0 # 8.1.0
      with:
        title: ${{ steps.format-title.outputs.title }}
        body: |
          Update the uv generated lock files.
          Generated by the run:
          ${{ github.server_url }}/${{ github.repository }}/actions/runs/${{ github.run_id }}
        commit-message: Upgrade uv lock files
        branch: "automated/uv-lock-upgrade-${{ github.ref_name }}"
        delete-branch: true
        # See:
        # https://github.com/peter-evans/create-pull-request?tab=readme-ov-file#token
        # Fine-grained Personal Access Token (PAT) with contents: write and pull-requests: write scopes.
        token: ${{ secrets.GENAI_SHOP_ASST_REPO_PR_PAT }}